
Microsoft Visual Studio Solution File, Format Version 11.00
# Visual C# Express 2010
Project("{FAE04EC0-301F-11D3-BF4B-00C04F79EFBC}") = "ClassLibrary1", "ClassLibrary1.csproj", "{F6B57117-545E-4C6D-9A0E-ABBBE970FE36}"
EndProject
Global
	GlobalSection(SolutionConfigurationPlatforms) = preSolution
		Debug|Any CPU = Debug|Any CPU
		Release|Any CPU = Release|Any CPU
	EndGlobalSection
	GlobalSection(ProjectConfigurationPlatforms) = postSolution
		{F6B57117-545E-4C6D-9A0E-ABBBE970FE36}.Debug|Any CPU.ActiveCfg = Debug|Any CPU
		{F6B57117-545E-4C6D-9A0E-ABBBE970FE36}.Debug|Any CPU.Build.0 = Debug|Any CPU
		{F6B57117-545E-4C6D-9A0E-ABBBE970FE36}.Release|Any CPU.ActiveCfg = Release|Any CPU
		{F6B57117-545E-4C6D-9A0E-ABBBE970FE36}.Release|Any CPU.Build.0 = Release|Any CPU
	EndGlobalSection
	GlobalSection(SolutionProperties) = preSolution
		HideSolutionNode = FALSE
	EndGlobalSection
EndGlobal
