
Microsoft Visual Studio Solution File, Format Version 11.00
# Visual C# Express 2010
Project("{FAE04EC0-301F-11D3-BF4B-00C04F79EFBC}") = "ConsoleApplication1", "ConsoleApplication1.csproj", "{2DF28AB0-E5CE-4453-9F9C-974D962C1F8C}"
EndProject
Project("{FAE04EC0-301F-11D3-BF4B-00C04F79EFBC}") = "WebdriverNavigation", "D:\Project\WebdriverProject\WebdriverNavigation\WebdriverNavigation.csproj", "{34AF01D7-0EA5-4237-AABE-255D951D938E}"
EndProject
Global
	GlobalSection(SolutionConfigurationPlatforms) = preSolution
		Debug|Any CPU = Debug|Any CPU
		Debug|Mixed Platforms = Debug|Mixed Platforms
		Debug|x86 = Debug|x86
		Release|Any CPU = Release|Any CPU
		Release|Mixed Platforms = Release|Mixed Platforms
		Release|x86 = Release|x86
	EndGlobalSection
	GlobalSection(ProjectConfigurationPlatforms) = postSolution
		{2DF28AB0-E5CE-4453-9F9C-974D962C1F8C}.Debug|Any CPU.ActiveCfg = Debug|x86
		{2DF28AB0-E5CE-4453-9F9C-974D962C1F8C}.Debug|Mixed Platforms.ActiveCfg = Debug|x86
		{2DF28AB0-E5CE-4453-9F9C-974D962C1F8C}.Debug|Mixed Platforms.Build.0 = Debug|x86
		{2DF28AB0-E5CE-4453-9F9C-974D962C1F8C}.Debug|x86.ActiveCfg = Debug|x86
		{2DF28AB0-E5CE-4453-9F9C-974D962C1F8C}.Debug|x86.Build.0 = Debug|x86
		{2DF28AB0-E5CE-4453-9F9C-974D962C1F8C}.Release|Any CPU.ActiveCfg = Release|x86
		{2DF28AB0-E5CE-4453-9F9C-974D962C1F8C}.Release|Mixed Platforms.ActiveCfg = Release|x86
		{2DF28AB0-E5CE-4453-9F9C-974D962C1F8C}.Release|Mixed Platforms.Build.0 = Release|x86
		{2DF28AB0-E5CE-4453-9F9C-974D962C1F8C}.Release|x86.ActiveCfg = Release|x86
		{2DF28AB0-E5CE-4453-9F9C-974D962C1F8C}.Release|x86.Build.0 = Release|x86
		{34AF01D7-0EA5-4237-AABE-255D951D938E}.Debug|Any CPU.ActiveCfg = Debug|Any CPU
		{34AF01D7-0EA5-4237-AABE-255D951D938E}.Debug|Any CPU.Build.0 = Debug|Any CPU
		{34AF01D7-0EA5-4237-AABE-255D951D938E}.Debug|Mixed Platforms.ActiveCfg = Debug|Any CPU
		{34AF01D7-0EA5-4237-AABE-255D951D938E}.Debug|Mixed Platforms.Build.0 = Debug|Any CPU
		{34AF01D7-0EA5-4237-AABE-255D951D938E}.Debug|x86.ActiveCfg = Debug|Any CPU
		{34AF01D7-0EA5-4237-AABE-255D951D938E}.Release|Any CPU.ActiveCfg = Release|Any CPU
		{34AF01D7-0EA5-4237-AABE-255D951D938E}.Release|Any CPU.Build.0 = Release|Any CPU
		{34AF01D7-0EA5-4237-AABE-255D951D938E}.Release|Mixed Platforms.ActiveCfg = Release|Any CPU
		{34AF01D7-0EA5-4237-AABE-255D951D938E}.Release|Mixed Platforms.Build.0 = Release|Any CPU
		{34AF01D7-0EA5-4237-AABE-255D951D938E}.Release|x86.ActiveCfg = Release|Any CPU
	EndGlobalSection
	GlobalSection(SolutionProperties) = preSolution
		HideSolutionNode = FALSE
	EndGlobalSection
EndGlobal
